{
  "name": "app",
  "version": "1.0.5",
  "lockfileVersion": 2,
  "requires": true,
  "packages": {
    "": {
      "name": "app",
      "version": "1.0.5",
      "hasInstallScript": true,
      "license": "ISC",
      "dependencies": {
        "react": "^19.0.0-beta-26f2496093-20240514",
        "react-dom": "^19.0.0-beta-26f2496093-20240514"
      }
    },
    "node_modules/react": {
      "version": "19.0.0-beta-26f2496093-20240514",
      "resolved": "https://registry.npmjs.org/react/-/react-19.0.0-beta-26f2496093-20240514.tgz",
      "integrity": "sha512-ZsU/WjNZ6GfzMWsq2DcGjElpV9it8JmETHm9mAJuOJNhuJcWJxt8ltCJabONFRpDFq1A/DP0d0KFj9CTJVM4VA==",
      "engines": {
        "node": ">=0.10.0"
      }
    },
    "node_modules/react-dom": {
      "version": "19.0.0-beta-26f2496093-20240514",
      "resolved": "https://registry.npmjs.org/react-dom/-/react-dom-19.0.0-beta-26f2496093-20240514.tgz",
      "integrity": "sha512-UvQ+K1l3DFQ34LDgfFSNuUGi9EC+yfE9tS6MdpNTd5fx7qC7KLfepfC/KpxWMQZ7JfE3axD4ZO6H4cBSpAZpqw==",
      "dependencies": {
        "scheduler": "0.25.0-beta-26f2496093-20240514"
      },
      "peerDependencies": {
        "react": "19.0.0-beta-26f2496093-20240514"
      }
    },
    "node_modules/scheduler": {
      "version": "0.25.0-beta-26f2496093-20240514",
      "resolved": "https://registry.npmjs.org/scheduler/-/scheduler-0.25.0-beta-26f2496093-20240514.tgz",
      "integrity": "sha512-vDwOytLHFnA3SW2B1lNcbO+/qKVyLCX+KLpm+tRGNDsXpyxzRgkIaYGWmX+S70AJGchUHCtuqQ50GFeFgDbXUw=="
    }
  },
  "dependencies": {
    "react": {
      "version": "19.0.0-beta-26f2496093-20240514",
      "resolved": "https://registry.npmjs.org/react/-/react-19.0.0-beta-26f2496093-20240514.tgz",
      "integrity": "sha512-ZsU/WjNZ6GfzMWsq2DcGjElpV9it8JmETHm9mAJuOJNhuJcWJxt8ltCJabONFRpDFq1A/DP0d0KFj9CTJVM4VA=="
    },
    "react-dom": {
      "version": "19.0.0-beta-26f2496093-20240514",
      "resolved": "https://registry.npmjs.org/react-dom/-/react-dom-19.0.0-beta-26f2496093-20240514.tgz",
      "integrity": "sha512-UvQ+K1l3DFQ34LDgfFSNuUGi9EC+yfE9tS6MdpNTd5fx7qC7KLfepfC/KpxWMQZ7JfE3axD4ZO6H4cBSpAZpqw==",
      "requires": {
        "scheduler": "0.25.0-beta-26f2496093-20240514"
      }
    },
    "scheduler": {
      "version": "0.25.0-beta-26f2496093-20240514",
      "resolved": "https://registry.npmjs.org/scheduler/-/scheduler-0.25.0-beta-26f2496093-20240514.tgz",
      "integrity": "sha512-vDwOytLHFnA3SW2B1lNcbO+/qKVyLCX+KLpm+tRGNDsXpyxzRgkIaYGWmX+S70AJGchUHCtuqQ50GFeFgDbXUw=="
    }
  }
}
